
Microsoft Visual Studio Solution File, Format Version 12.00
# Visual Studio 2012
Project("{FAE04EC0-301F-11D3-BF4B-00C04F79EFBC}") = "Withings", "Withings\Withings.csproj", "{E3131EAB-66B3-4694-9A1E-EC5518D967A8}"
EndProject
Project("{FAE04EC0-301F-11D3-BF4B-00C04F79EFBC}") = "Withings.Tests", "Withings.Tests\Withings.Tests.csproj", "{DFDBC869-71B2-4A8B-97B5-CECA5F128824}"
EndProject
Project("{2150E333-8FDC-42A3-9474-1A3956D46DE8}") = ".nuget", ".nuget", "{16589770-A424-4CCA-A278-CEC2C592CEA5}"
	ProjectSection(SolutionItems) = preProject
		.nuget\packages.config = .nuget\packages.config
	EndProjectSection
EndProject
Global
	GlobalSection(SolutionConfigurationPlatforms) = preSolution
		Debug|Any CPU = Debug|Any CPU
		Release|Any CPU = Release|Any CPU
	EndGlobalSection
	GlobalSection(ProjectConfigurationPlatforms) = postSolution
		{E3131EAB-66B3-4694-9A1E-EC5518D967A8}.Debug|Any CPU.ActiveCfg = Debug|Any CPU
		{E3131EAB-66B3-4694-9A1E-EC5518D967A8}.Debug|Any CPU.Build.0 = Debug|Any CPU
		{E3131EAB-66B3-4694-9A1E-EC5518D967A8}.Release|Any CPU.ActiveCfg = Release|Any CPU
		{E3131EAB-66B3-4694-9A1E-EC5518D967A8}.Release|Any CPU.Build.0 = Release|Any CPU
		{DFDBC869-71B2-4A8B-97B5-CECA5F128824}.Debug|Any CPU.ActiveCfg = Debug|Any CPU
		{DFDBC869-71B2-4A8B-97B5-CECA5F128824}.Debug|Any CPU.Build.0 = Debug|Any CPU
		{DFDBC869-71B2-4A8B-97B5-CECA5F128824}.Release|Any CPU.ActiveCfg = Release|Any CPU
		{DFDBC869-71B2-4A8B-97B5-CECA5F128824}.Release|Any CPU.Build.0 = Release|Any CPU
	EndGlobalSection
	GlobalSection(SolutionProperties) = preSolution
		HideSolutionNode = FALSE
	EndGlobalSection
EndGlobal
